
Microsoft Visual Studio Solution File, Format Version 12.00
# Visual Studio 2015
Project("{FAE04EC0-301F-11D3-BF4B-00C04F79EFBC}") = "GradworkHermiteSplines.CSharp", "GradworkHermiteSplines.CSharp.csproj", "{0C0E2A89-8659-B592-166C-13B074D05642}"
EndProject
Project("{FAE04EC0-301F-11D3-BF4B-00C04F79EFBC}") = "GradworkHermiteSplines.CSharp.Editor", "GradworkHermiteSplines.CSharp.Editor.csproj", "{AC6AEA05-7AF8-348E-1E37-5B8AA1976926}"
EndProject
Global
	GlobalSection(SolutionConfigurationPlatforms) = preSolution
		Debug|Any CPU = Debug|Any CPU
		Release|Any CPU = Release|Any CPU
	EndGlobalSection
	GlobalSection(ProjectConfigurationPlatforms) = postSolution
		{0C0E2A89-8659-B592-166C-13B074D05642}.Debug|Any CPU.ActiveCfg = Debug|Any CPU
		{0C0E2A89-8659-B592-166C-13B074D05642}.Debug|Any CPU.Build.0 = Debug|Any CPU
		{0C0E2A89-8659-B592-166C-13B074D05642}.Release|Any CPU.ActiveCfg = Release|Any CPU
		{0C0E2A89-8659-B592-166C-13B074D05642}.Release|Any CPU.Build.0 = Release|Any CPU
		{AC6AEA05-7AF8-348E-1E37-5B8AA1976926}.Debug|Any CPU.ActiveCfg = Debug|Any CPU
		{AC6AEA05-7AF8-348E-1E37-5B8AA1976926}.Debug|Any CPU.Build.0 = Debug|Any CPU
		{AC6AEA05-7AF8-348E-1E37-5B8AA1976926}.Release|Any CPU.ActiveCfg = Release|Any CPU
		{AC6AEA05-7AF8-348E-1E37-5B8AA1976926}.Release|Any CPU.Build.0 = Release|Any CPU
	EndGlobalSection
	GlobalSection(SolutionProperties) = preSolution
		HideSolutionNode = FALSE
	EndGlobalSection
EndGlobal
